
Microsoft Visual Studio Solution File, Format Version 12.00
# Visual Studio Version 17
VisualStudioVersion = 17.14.36518.9 d17.14
MinimumVisualStudioVersion = 10.0.40219.1
Project("{FAE04EC0-301F-11D3-BF4B-00C04F79EFBC}") = "WebApi-Shwetha", "WebApi-Shwetha\WebApi-Shwetha.csproj", "{DA8EAF9A-8419-4955-A721-115074F254B8}"
EndProject
Global
	GlobalSection(SolutionConfigurationPlatforms) = preSolution
		Debug|Any CPU = Debug|Any CPU
		Release|Any CPU = Release|Any CPU
	EndGlobalSection
	GlobalSection(ProjectConfigurationPlatforms) = postSolution
		{DA8EAF9A-8419-4955-A721-115074F254B8}.Debug|Any CPU.ActiveCfg = Debug|Any CPU
		{DA8EAF9A-8419-4955-A721-115074F254B8}.Debug|Any CPU.Build.0 = Debug|Any CPU
		{DA8EAF9A-8419-4955-A721-115074F254B8}.Release|Any CPU.ActiveCfg = Release|Any CPU
		{DA8EAF9A-8419-4955-A721-115074F254B8}.Release|Any CPU.Build.0 = Release|Any CPU
	EndGlobalSection
	GlobalSection(SolutionProperties) = preSolution
		HideSolutionNode = FALSE
	EndGlobalSection
	GlobalSection(ExtensibilityGlobals) = postSolution
		SolutionGuid = {F273623F-2343-4627-8116-2B2DB3B0302B}
	EndGlobalSection
EndGlobal
